github.com/gompus/snowflake v0.0.4 h1:EJ5xNymVPO8W1FmJNVAxYk875WMcyNPrm8Albi4hP+c=
github.com/gompus/snowflake v0.0.4/go.mod h1:jDeGmYm6wmB0UW8kCj41fRLYRiPTkLubeR8Im4vhDfA=
github.com/gorilla/websocket v1.5.0 h1:PPwGk2jz7EePpoHN/+ClbZu8SPxiqlu12wZP/3sWmnc=
github.com/gorilla/websocket v1.5.0/go.mod h1:YR8l580nyteQvAITg2hZ9XVh4b55+EU/adAjf1fMHhE=
